
Microsoft Visual Studio Solution File, Format Version 12.00
# Visual Studio Version 16
VisualStudioVersion = 16.0.32228.343
MinimumVisualStudioVersion = 10.0.40219.1
Project("{8BC9CEB8-8B4A-11D0-8D11-00A0C91BC942}") = "E-Project", "E-Project\E-Project.vcxproj", "{16DB37AC-374B-40A7-9A14-4E6A4B66BFB3}"
EndProject
Project("{8BC9CEB8-8B4A-11D0-8D11-00A0C91BC942}") = "TEST", "TEST\TEST.vcxproj", "{18797D51-EF65-4F30-A4C9-E0F0755A3A2E}"
EndProject
Global
	GlobalSection(SolutionConfigurationPlatforms) = preSolution
		Debug|x64 = Debug|x64
		Debug|x86 = Debug|x86
		Release|x64 = Release|x64
		Release|x86 = Release|x86
	EndGlobalSection
	GlobalSection(ProjectConfigurationPlatforms) = postSolution
		{16DB37AC-374B-40A7-9A14-4E6A4B66BFB3}.Debug|x64.ActiveCfg = Debug|x64
		{16DB37AC-374B-40A7-9A14-4E6A4B66BFB3}.Debug|x64.Build.0 = Debug|x64
		{16DB37AC-374B-40A7-9A14-4E6A4B66BFB3}.Debug|x86.ActiveCfg = Debug|Win32
		{16DB37AC-374B-40A7-9A14-4E6A4B66BFB3}.Debug|x86.Build.0 = Debug|Win32
		{16DB37AC-374B-40A7-9A14-4E6A4B66BFB3}.Release|x64.ActiveCfg = Release|x64
		{16DB37AC-374B-40A7-9A14-4E6A4B66BFB3}.Release|x64.Build.0 = Release|x64
		{16DB37AC-374B-40A7-9A14-4E6A4B66BFB3}.Release|x86.ActiveCfg = Release|Win32
		{16DB37AC-374B-40A7-9A14-4E6A4B66BFB3}.Release|x86.Build.0 = Release|Win32
		{18797D51-EF65-4F30-A4C9-E0F0755A3A2E}.Debug|x64.ActiveCfg = Debug|x64
		{18797D51-EF65-4F30-A4C9-E0F0755A3A2E}.Debug|x64.Build.0 = Debug|x64
		{18797D51-EF65-4F30-A4C9-E0F0755A3A2E}.Debug|x86.ActiveCfg = Debug|Win32
		{18797D51-EF65-4F30-A4C9-E0F0755A3A2E}.Debug|x86.Build.0 = Debug|Win32
		{18797D51-EF65-4F30-A4C9-E0F0755A3A2E}.Release|x64.ActiveCfg = Release|x64
		{18797D51-EF65-4F30-A4C9-E0F0755A3A2E}.Release|x64.Build.0 = Release|x64
		{18797D51-EF65-4F30-A4C9-E0F0755A3A2E}.Release|x86.ActiveCfg = Release|Win32
		{18797D51-EF65-4F30-A4C9-E0F0755A3A2E}.Release|x86.Build.0 = Release|Win32
	EndGlobalSection
	GlobalSection(SolutionProperties) = preSolution
		HideSolutionNode = FALSE
	EndGlobalSection
	GlobalSection(ExtensibilityGlobals) = postSolution
		SolutionGuid = {99198AE5-301F-45BB-A713-110FC13143F6}
	EndGlobalSection
EndGlobal
